
Microsoft Visual Studio Solution File, Format Version 12.00
Project("{2150E333-8FDC-42A3-9474-1A3956D46DE8}") = "Build Blocks", "Build Blocks", "{1D496824-C7C1-40C4-85E9-DE019744028C}"
EndProject
Project("{2150E333-8FDC-42A3-9474-1A3956D46DE8}") = "Core", "Core", "{E713720B-186E-46C3-B48A-6A4463CA6CAA}"
EndProject
Project("{FAE04EC0-301F-11D3-BF4B-00C04F79EFBC}") = "NSE.Core", "building blocks\NSE.Core\NSE.Core.csproj", "{4BEB08E0-A28E-49DD-9EF0-9D7F5896B86C}"
EndProject
Project("{2150E333-8FDC-42A3-9474-1A3956D46DE8}") = "Services", "Services", "{13B900E1-8DB7-4AB0-97BC-A93D1C411E1C}"
EndProject
Project("{2150E333-8FDC-42A3-9474-1A3956D46DE8}") = "Carrinho", "Carrinho", "{77B7622F-AB62-40DC-BB38-0E4AFF7CD7E6}"
EndProject
Project("{FAE04EC0-301F-11D3-BF4B-00C04F79EFBC}") = "NSE.Carrinho.API", "NSE.Carrinho.API\NSE.Carrinho.API.csproj", "{249907EA-B787-492E-877A-CE3D3FBDFDCA}"
EndProject
Project("{2150E333-8FDC-42A3-9474-1A3956D46DE8}") = "Catalogo", "Catalogo", "{FDC4B4E2-3946-4841-9F1A-F393DC35CACB}"
EndProject
Project("{2150E333-8FDC-42A3-9474-1A3956D46DE8}") = "Cliente", "Cliente", "{1BC68682-3FD3-4FB2-8446-F29D703EC8BB}"
EndProject
Project("{2150E333-8FDC-42A3-9474-1A3956D46DE8}") = "Identidade", "Identidade", "{204C927E-E7D7-4793-9765-BFD5E117151A}"
EndProject
Project("{2150E333-8FDC-42A3-9474-1A3956D46DE8}") = "Pagamento", "Pagamento", "{EDCE649D-6AF3-48F7-80E9-379DCECBF928}"
EndProject
Project("{2150E333-8FDC-42A3-9474-1A3956D46DE8}") = "Pedido", "Pedido", "{B5C42864-CF91-48A9-9F36-66AC5A2603F4}"
EndProject
Project("{FAE04EC0-301F-11D3-BF4B-00C04F79EFBC}") = "NSE.Catalogo.API", "NSE.Catalogo.API\NSE.Catalogo.API.csproj", "{45A36999-2915-495C-B775-6042CD3178BB}"
EndProject
Project("{FAE04EC0-301F-11D3-BF4B-00C04F79EFBC}") = "NSE.Cliente.API", "NSE.Cliente.API\NSE.Cliente.API.csproj", "{3208DEDE-5A20-47B9-BE18-EA47784B4EB6}"
EndProject
Project("{FAE04EC0-301F-11D3-BF4B-00C04F79EFBC}") = "NSE.Identidade.API", "NSE.Identidade.API\NSE.Identidade.API.csproj", "{D9228A5F-CE37-44A1-BDB6-18C6E0C7F5B7}"
EndProject
Project("{FAE04EC0-301F-11D3-BF4B-00C04F79EFBC}") = "NSE.Pagamento.API", "NSE.Pagamento.API\NSE.Pagamento.API.csproj", "{94673922-3C8F-42CB-8BB6-DE848F9C2388}"
EndProject
Project("{FAE04EC0-301F-11D3-BF4B-00C04F79EFBC}") = "NSE.Pedido.API", "NSE.Pedido.API\NSE.Pedido.API.csproj", "{9F6E6D72-5A10-4028-AF09-691B2CDBF2C8}"
EndProject
Project("{2150E333-8FDC-42A3-9474-1A3956D46DE8}") = "Web", "Web", "{B0DA748D-EA4B-4939-A10C-05F10ACA8346}"
EndProject
Project("{FAE04EC0-301F-11D3-BF4B-00C04F79EFBC}") = "NSE.WebApp.MVC", "NSE.WebApp.MVC\NSE.WebApp.MVC.csproj", "{8A05F298-35B9-4DBB-A5E9-06F08BA2848C}"
EndProject
Project("{2150E333-8FDC-42A3-9474-1A3956D46DE8}") = "Services", "Services", "{4260EED4-E4C5-4A53-A99B-E57C4FF1651E}"
EndProject
Project("{FAE04EC0-301F-11D3-BF4B-00C04F79EFBC}") = "NSE.WebApi.Core", "building blocks\NSE.WebApi.Core\NSE.WebApi.Core.csproj", "{680529D1-6D6E-450B-8A1B-F5D571D5407D}"
EndProject
Global
	GlobalSection(SolutionConfigurationPlatforms) = preSolution
		Debug|Any CPU = Debug|Any CPU
		Release|Any CPU = Release|Any CPU
	EndGlobalSection
	GlobalSection(NestedProjects) = preSolution
		{E713720B-186E-46C3-B48A-6A4463CA6CAA} = {1D496824-C7C1-40C4-85E9-DE019744028C}
		{4BEB08E0-A28E-49DD-9EF0-9D7F5896B86C} = {E713720B-186E-46C3-B48A-6A4463CA6CAA}
		{77B7622F-AB62-40DC-BB38-0E4AFF7CD7E6} = {13B900E1-8DB7-4AB0-97BC-A93D1C411E1C}
		{249907EA-B787-492E-877A-CE3D3FBDFDCA} = {77B7622F-AB62-40DC-BB38-0E4AFF7CD7E6}
		{FDC4B4E2-3946-4841-9F1A-F393DC35CACB} = {13B900E1-8DB7-4AB0-97BC-A93D1C411E1C}
		{1BC68682-3FD3-4FB2-8446-F29D703EC8BB} = {13B900E1-8DB7-4AB0-97BC-A93D1C411E1C}
		{204C927E-E7D7-4793-9765-BFD5E117151A} = {13B900E1-8DB7-4AB0-97BC-A93D1C411E1C}
		{EDCE649D-6AF3-48F7-80E9-379DCECBF928} = {13B900E1-8DB7-4AB0-97BC-A93D1C411E1C}
		{B5C42864-CF91-48A9-9F36-66AC5A2603F4} = {13B900E1-8DB7-4AB0-97BC-A93D1C411E1C}
		{45A36999-2915-495C-B775-6042CD3178BB} = {FDC4B4E2-3946-4841-9F1A-F393DC35CACB}
		{3208DEDE-5A20-47B9-BE18-EA47784B4EB6} = {1BC68682-3FD3-4FB2-8446-F29D703EC8BB}
		{D9228A5F-CE37-44A1-BDB6-18C6E0C7F5B7} = {204C927E-E7D7-4793-9765-BFD5E117151A}
		{94673922-3C8F-42CB-8BB6-DE848F9C2388} = {EDCE649D-6AF3-48F7-80E9-379DCECBF928}
		{9F6E6D72-5A10-4028-AF09-691B2CDBF2C8} = {B5C42864-CF91-48A9-9F36-66AC5A2603F4}
		{8A05F298-35B9-4DBB-A5E9-06F08BA2848C} = {B0DA748D-EA4B-4939-A10C-05F10ACA8346}
		{4260EED4-E4C5-4A53-A99B-E57C4FF1651E} = {1D496824-C7C1-40C4-85E9-DE019744028C}
		{680529D1-6D6E-450B-8A1B-F5D571D5407D} = {4260EED4-E4C5-4A53-A99B-E57C4FF1651E}
	EndGlobalSection
	GlobalSection(ProjectConfigurationPlatforms) = postSolution
		{4BEB08E0-A28E-49DD-9EF0-9D7F5896B86C}.Debug|Any CPU.ActiveCfg = Debug|Any CPU
		{4BEB08E0-A28E-49DD-9EF0-9D7F5896B86C}.Debug|Any CPU.Build.0 = Debug|Any CPU
		{4BEB08E0-A28E-49DD-9EF0-9D7F5896B86C}.Release|Any CPU.ActiveCfg = Release|Any CPU
		{4BEB08E0-A28E-49DD-9EF0-9D7F5896B86C}.Release|Any CPU.Build.0 = Release|Any CPU
		{249907EA-B787-492E-877A-CE3D3FBDFDCA}.Debug|Any CPU.ActiveCfg = Debug|Any CPU
		{249907EA-B787-492E-877A-CE3D3FBDFDCA}.Debug|Any CPU.Build.0 = Debug|Any CPU
		{249907EA-B787-492E-877A-CE3D3FBDFDCA}.Release|Any CPU.ActiveCfg = Release|Any CPU
		{249907EA-B787-492E-877A-CE3D3FBDFDCA}.Release|Any CPU.Build.0 = Release|Any CPU
		{45A36999-2915-495C-B775-6042CD3178BB}.Debug|Any CPU.ActiveCfg = Debug|Any CPU
		{45A36999-2915-495C-B775-6042CD3178BB}.Debug|Any CPU.Build.0 = Debug|Any CPU
		{45A36999-2915-495C-B775-6042CD3178BB}.Release|Any CPU.ActiveCfg = Release|Any CPU
		{45A36999-2915-495C-B775-6042CD3178BB}.Release|Any CPU.Build.0 = Release|Any CPU
		{3208DEDE-5A20-47B9-BE18-EA47784B4EB6}.Debug|Any CPU.ActiveCfg = Debug|Any CPU
		{3208DEDE-5A20-47B9-BE18-EA47784B4EB6}.Debug|Any CPU.Build.0 = Debug|Any CPU
		{3208DEDE-5A20-47B9-BE18-EA47784B4EB6}.Release|Any CPU.ActiveCfg = Release|Any CPU
		{3208DEDE-5A20-47B9-BE18-EA47784B4EB6}.Release|Any CPU.Build.0 = Release|Any CPU
		{D9228A5F-CE37-44A1-BDB6-18C6E0C7F5B7}.Debug|Any CPU.ActiveCfg = Debug|Any CPU
		{D9228A5F-CE37-44A1-BDB6-18C6E0C7F5B7}.Debug|Any CPU.Build.0 = Debug|Any CPU
		{D9228A5F-CE37-44A1-BDB6-18C6E0C7F5B7}.Release|Any CPU.ActiveCfg = Release|Any CPU
		{D9228A5F-CE37-44A1-BDB6-18C6E0C7F5B7}.Release|Any CPU.Build.0 = Release|Any CPU
		{94673922-3C8F-42CB-8BB6-DE848F9C2388}.Debug|Any CPU.ActiveCfg = Debug|Any CPU
		{94673922-3C8F-42CB-8BB6-DE848F9C2388}.Debug|Any CPU.Build.0 = Debug|Any CPU
		{94673922-3C8F-42CB-8BB6-DE848F9C2388}.Release|Any CPU.ActiveCfg = Release|Any CPU
		{94673922-3C8F-42CB-8BB6-DE848F9C2388}.Release|Any CPU.Build.0 = Release|Any CPU
		{9F6E6D72-5A10-4028-AF09-691B2CDBF2C8}.Debug|Any CPU.ActiveCfg = Debug|Any CPU
		{9F6E6D72-5A10-4028-AF09-691B2CDBF2C8}.Debug|Any CPU.Build.0 = Debug|Any CPU
		{9F6E6D72-5A10-4028-AF09-691B2CDBF2C8}.Release|Any CPU.ActiveCfg = Release|Any CPU
		{9F6E6D72-5A10-4028-AF09-691B2CDBF2C8}.Release|Any CPU.Build.0 = Release|Any CPU
		{8A05F298-35B9-4DBB-A5E9-06F08BA2848C}.Debug|Any CPU.ActiveCfg = Debug|Any CPU
		{8A05F298-35B9-4DBB-A5E9-06F08BA2848C}.Debug|Any CPU.Build.0 = Debug|Any CPU
		{8A05F298-35B9-4DBB-A5E9-06F08BA2848C}.Release|Any CPU.ActiveCfg = Release|Any CPU
		{8A05F298-35B9-4DBB-A5E9-06F08BA2848C}.Release|Any CPU.Build.0 = Release|Any CPU
		{680529D1-6D6E-450B-8A1B-F5D571D5407D}.Debug|Any CPU.ActiveCfg = Debug|Any CPU
		{680529D1-6D6E-450B-8A1B-F5D571D5407D}.Debug|Any CPU.Build.0 = Debug|Any CPU
		{680529D1-6D6E-450B-8A1B-F5D571D5407D}.Release|Any CPU.ActiveCfg = Release|Any CPU
		{680529D1-6D6E-450B-8A1B-F5D571D5407D}.Release|Any CPU.Build.0 = Release|Any CPU
	EndGlobalSection
EndGlobal
